// !$*UTF8*$!
{
	archiveVersion = 1;
	classes = {
	};
	objectVersion = 51;
	objects = {

/* Begin PBXBuildFile section */
		E709B3E124EEBCBA00CE29DE /* DataModel.xcdatamodeld in Sources */ = {isa = PBXBuildFile; fileRef = E709B3DF24EEBCBA00CE29DE /* DataModel.xcdatamodeld */; };
		E709B3E324EFC78700CE29DE /* RecipeCollectionViewController.swift in Sources */ = {isa = PBXBuildFile; fileRef = E709B3E224EFC78700CE29DE /* RecipeCollectionViewController.swift */; };
		E709B3E724F0109400CE29DE /* SingleRecipeViewController.swift in Sources */ = {isa = PBXBuildFile; fileRef = E709B3E624F0109400CE29DE /* SingleRecipeViewController.swift */; };
		E709B3E924F024DE00CE29DE /* ImageExtension.swift in Sources */ = {isa = PBXBuildFile; fileRef = E709B3E824F024DE00CE29DE /* ImageExtension.swift */; };
		E7A4BBC724C85D80005347BC /* AppDelegate.swift in Sources */ = {isa = PBXBuildFile; fileRef = E7A4BBC624C85D80005347BC /* AppDelegate.swift */; };
		E7A4BBC924C85D80005347BC /* SceneDelegate.swift in Sources */ = {isa = PBXBuildFile; fileRef = E7A4BBC824C85D80005347BC /* SceneDelegate.swift */; };
		E7A4BBCE24C85D80005347BC /* Main.storyboard in Resources */ = {isa = PBXBuildFile; fileRef = E7A4BBCC24C85D80005347BC /* Main.storyboard */; };
		E7A4BBD024C85D86005347BC /* Assets.xcassets in Resources */ = {isa = PBXBuildFile; fileRef = E7A4BBCF24C85D86005347BC /* Assets.xcassets */; };
		E7A4BBD324C85D86005347BC /* LaunchScreen.storyboard in Resources */ = {isa = PBXBuildFile; fileRef = E7A4BBD124C85D86005347BC /* LaunchScreen.storyboard */; };
		E7A4BBDF24C8619D005347BC /* Recipe.swift in Sources */ = {isa = PBXBuildFile; fileRef = E7A4BBDE24C8619D005347BC /* Recipe.swift */; };
		E7A4BBEA24C89F38005347BC /* RecipeCollectionViewCell.swift in Sources */ = {isa = PBXBuildFile; fileRef = E7A4BBE924C89F38005347BC /* RecipeCollectionViewCell.swift */; };
		F2AB69132C4CDB8FAC9B8F84 /* Pods_RecipeScrapBook.framework in Frameworks */ = {isa = PBXBuildFile; fileRef = 17B98143A75662A16F996F25 /* Pods_RecipeScrapBook.framework */; };
/* End PBXBuildFile section */

/* Begin PBXFileReference section */
		17B98143A75662A16F996F25 /* Pods_RecipeScrapBook.framework */ = {isa = PBXFileReference; explicitFileType = wrapper.framework; includeInIndex = 0; path = Pods_RecipeScrapBook.framework; sourceTree = BUILT_PRODUCTS_DIR; };
		38B4C49DFB53AD36913D3B9B /* Pods-RecipeScrapBook.debug.xcconfig */ = {isa = PBXFileReference; includeInIndex = 1; lastKnownFileType = text.xcconfig; name = "Pods-RecipeScrapBook.debug.xcconfig"; path = "Target Support Files/Pods-RecipeScrapBook/Pods-RecipeScrapBook.debug.xcconfig"; sourceTree = "<group>"; };
		6D93C456E792DEB5A1025C31 /* Pods-RecipeScrapBook.release.xcconfig */ = {isa = PBXFileReference; includeInIndex = 1; lastKnownFileType = text.xcconfig; name = "Pods-RecipeScrapBook.release.xcconfig"; path = "Target Support Files/Pods-RecipeScrapBook/Pods-RecipeScrapBook.release.xcconfig"; sourceTree = "<group>"; };
		E709B3E024EEBCBA00CE29DE /* DataModel.xcdatamodel */ = {isa = PBXFileReference; lastKnownFileType = wrapper.xcdatamodel; path = DataModel.xcdatamodel; sourceTree = "<group>"; };
		E709B3E224EFC78700CE29DE /* RecipeCollectionViewController.swift */ = {isa = PBXFileReference; lastKnownFileType = sourcecode.swift; path = RecipeCollectionViewController.swift; sourceTree = "<group>"; };
		E709B3E624F0109400CE29DE /* SingleRecipeViewController.swift */ = {isa = PBXFileReference; lastKnownFileType = sourcecode.swift; path = SingleRecipeViewController.swift; sourceTree = "<group>"; };
		E709B3E824F024DE00CE29DE /* ImageExtension.swift */ = {isa = PBXFileReference; lastKnownFileType = sourcecode.swift; path = ImageExtension.swift; sourceTree = "<group>"; };
		E7A4BBC324C85D80005347BC /* RecipeScrapBook.app */ = {isa = PBXFileReference; explicitFileType = wrapper.application; includeInIndex = 0; path = RecipeScrapBook.app; sourceTree = BUILT_PRODUCTS_DIR; };
		E7A4BBC624C85D80005347BC /* AppDelegate.swift */ = {isa = PBXFileReference; lastKnownFileType = sourcecode.swift; path = AppDelegate.swift; sourceTree = "<group>"; };
		E7A4BBC824C85D80005347BC /* SceneDelegate.swift */ = {isa = PBXFileReference; lastKnownFileType = sourcecode.swift; path = SceneDelegate.swift; sourceTree = "<group>"; };
		E7A4BBCD24C85D80005347BC /* Base */ = {isa = PBXFileReference; lastKnownFileType = file.storyboard; name = Base; path = Base.lproj/Main.storyboard; sourceTree = "<group>"; };
		E7A4BBCF24C85D86005347BC /* Assets.xcassets */ = {isa = PBXFileReference; lastKnownFileType = folder.assetcatalog; path = Assets.xcassets; sourceTree = "<group>"; };
		E7A4BBD224C85D86005347BC /* Base */ = {isa = PBXFileReference; lastKnownFileType = file.storyboard; name = Base; path = Base.lproj/LaunchScreen.storyboard; sourceTree = "<group>"; };
		E7A4BBD424C85D86005347BC /* Info.plist */ = {isa = PBXFileReference; lastKnownFileType = text.plist.xml; path = Info.plist; sourceTree = "<group>"; };
		E7A4BBDE24C8619D005347BC /* Recipe.swift */ = {isa = PBXFileReference; lastKnownFileType = sourcecode.swift; path = Recipe.swift; sourceTree = "<group>"; };
		E7A4BBE024C8621A005347BC /* README.md */ = {isa = PBXFileReference; lastKnownFileType = net.daringfireball.markdown; path = README.md; sourceTree = "<group>"; };
		E7A4BBE924C89F38005347BC /* RecipeCollectionViewCell.swift */ = {isa = PBXFileReference; fileEncoding = 4; lastKnownFileType = sourcecode.swift; path = RecipeCollectionViewCell.swift; sourceTree = "<group>"; };
/* End PBXFileReference section */

/* Begin PBXFrameworksBuildPhase section */
		E7A4BBC024C85D7F005347BC /* Frameworks */ = {
			isa = PBXFrameworksBuildPhase;
			buildActionMask = 2147483647;
			files = (
				F2AB69132C4CDB8FAC9B8F84 /* Pods_RecipeScrapBook.framework in Frameworks */,
			);
			runOnlyForDeploymentPostprocessing = 0;
		};
/* End PBXFrameworksBuildPhase section */

/* Begin PBXGroup section */
		5D692859185038B9A4B94D96 /* Pods */ = {
			isa = PBXGroup;
			children = (
				38B4C49DFB53AD36913D3B9B /* Pods-RecipeScrapBook.debug.xcconfig */,
				6D93C456E792DEB5A1025C31 /* Pods-RecipeScrapBook.release.xcconfig */,
			);
			path = Pods;
			sourceTree = "<group>";
		};
		BD12F554C6955F79B14B75B1 /* Frameworks */ = {
			isa = PBXGroup;
			children = (
				17B98143A75662A16F996F25 /* Pods_RecipeScrapBook.framework */,
			);
			name = Frameworks;
			sourceTree = "<group>";
		};
		E709B3DE24EEB44400CE29DE /* Views */ = {
			isa = PBXGroup;
			children = (
				E7A4BBCC24C85D80005347BC /* Main.storyboard */,
			);
			path = Views;
			sourceTree = "<group>";
		};
		E709B3EA24F024E900CE29DE /* Extensions */ = {
			isa = PBXGroup;
			children = (
				E709B3E824F024DE00CE29DE /* ImageExtension.swift */,
			);
			path = Extensions;
			sourceTree = "<group>";
		};
		E7A4BBBA24C85D7F005347BC = {
			isa = PBXGroup;
			children = (
				E7A4BBC524C85D80005347BC /* RecipeScrapBook */,
				E7A4BBC424C85D80005347BC /* Products */,
				E7A4BBE024C8621A005347BC /* README.md */,
				5D692859185038B9A4B94D96 /* Pods */,
				BD12F554C6955F79B14B75B1 /* Frameworks */,
			);
			sourceTree = "<group>";
		};
		E7A4BBC424C85D80005347BC /* Products */ = {
			isa = PBXGroup;
			children = (
				E7A4BBC324C85D80005347BC /* RecipeScrapBook.app */,
			);
			name = Products;
			sourceTree = "<group>";
		};
		E7A4BBC524C85D80005347BC /* RecipeScrapBook */ = {
			isa = PBXGroup;
			children = (
				E7A4BBC624C85D80005347BC /* AppDelegate.swift */,
				E7A4BBC824C85D80005347BC /* SceneDelegate.swift */,
				E7A4BBDD24C86188005347BC /* Models */,
				E7A4BBDC24C86157005347BC /* Controllers */,
				E709B3DE24EEB44400CE29DE /* Views */,
				E7A4BBCF24C85D86005347BC /* Assets.xcassets */,
				E709B3EA24F024E900CE29DE /* Extensions */,
				E7A4BBD124C85D86005347BC /* LaunchScreen.storyboard */,
				E7A4BBD424C85D86005347BC /* Info.plist */,
			);
			path = RecipeScrapBook;
			sourceTree = "<group>";
		};
		E7A4BBDC24C86157005347BC /* Controllers */ = {
			isa = PBXGroup;
			children = (
				E7A4BBE924C89F38005347BC /* RecipeCollectionViewCell.swift */,
				E709B3E224EFC78700CE29DE /* RecipeCollectionViewController.swift */,
				E709B3E624F0109400CE29DE /* SingleRecipeViewController.swift */,
			);
			path = Controllers;
			sourceTree = "<group>";
		};
		E7A4BBDD24C86188005347BC /* Models */ = {
			isa = PBXGroup;
			children = (
				E7A4BBDE24C8619D005347BC /* Recipe.swift */,
				E709B3DF24EEBCBA00CE29DE /* DataModel.xcdatamodeld */,
			);
			path = Models;
			sourceTree = "<group>";
		};
/* End PBXGroup section */

/* Begin PBXNativeTarget section */
		E7A4BBC224C85D7F005347BC /* RecipeScrapBook */ = {
			isa = PBXNativeTarget;
			buildConfigurationList = E7A4BBD724C85D86005347BC /* Build configuration list for PBXNativeTarget "RecipeScrapBook" */;
			buildPhases = (
				C7A2056EB210672A10B0DF51 /* [CP] Check Pods Manifest.lock */,
				E7A4BBBF24C85D7F005347BC /* Sources */,
				E7A4BBC024C85D7F005347BC /* Frameworks */,
				E7A4BBC124C85D7F005347BC /* Resources */,
				BC044FD398769FFCF426BE41 /* [CP] Embed Pods Frameworks */,
			);
			buildRules = (
			);
			dependencies = (
			);
			name = RecipeScrapBook;
			productName = RecipeScrapBook;
			productReference = E7A4BBC324C85D80005347BC /* RecipeScrapBook.app */;
			productType = "com.apple.product-type.application";
		};
/* End PBXNativeTarget section */

/* Begin PBXProject section */
		E7A4BBBB24C85D7F005347BC /* Project object */ = {
			isa = PBXProject;
			attributes = {
				LastSwiftUpdateCheck = 1150;
				LastUpgradeCheck = 1150;
				ORGANIZATIONNAME = "Michael Adair";
				TargetAttributes = {
					E7A4BBC224C85D7F005347BC = {
						CreatedOnToolsVersion = 11.5;
					};
				};
			};
			buildConfigurationList = E7A4BBBE24C85D7F005347BC /* Build configuration list for PBXProject "RecipeScrapBook" */;
			compatibilityVersion = "Xcode 9.3";
			developmentRegion = en;
			hasScannedForEncodings = 0;
			knownRegions = (
				en,
				Base,
			);
			mainGroup = E7A4BBBA24C85D7F005347BC;
			productRefGroup = E7A4BBC424C85D80005347BC /* Products */;
			projectDirPath = "";
			projectRoot = "";
			targets = (
				E7A4BBC224C85D7F005347BC /* RecipeScrapBook */,
			);
		};
/* End PBXProject section */

/* Begin PBXResourcesBuildPhase section */
		E7A4BBC124C85D7F005347BC /* Resources */ = {
			isa = PBXResourcesBuildPhase;
			buildActionMask = 2147483647;
			files = (
				E7A4BBD324C85D86005347BC /* LaunchScreen.storyboard in Resources */,
				E7A4BBD024C85D86005347BC /* Assets.xcassets in Resources */,
				E7A4BBCE24C85D80005347BC /* Main.storyboard in Resources */,
			);
			runOnlyForDeploymentPostprocessing = 0;
		};
/* End PBXResourcesBuildPhase section */

/* Begin PBXShellScriptBuildPhase section */
		BC044FD398769FFCF426BE41 /* [CP] Embed Pods Frameworks */ = {
			isa = PBXShellScriptBuildPhase;
			buildActionMask = 2147483647;
			files = (
			);
			inputFileListPaths = (
				"${PODS_ROOT}/Target Support Files/Pods-RecipeScrapBook/Pods-RecipeScrapBook-frameworks-${CONFIGURATION}-input-files.xcfilelist",
			);
			name = "[CP] Embed Pods Frameworks";
			outputFileListPaths = (
				"${PODS_ROOT}/Target Support Files/Pods-RecipeScrapBook/Pods-RecipeScrapBook-frameworks-${CONFIGURATION}-output-files.xcfilelist",
			);
			runOnlyForDeploymentPostprocessing = 0;
			shellPath = /bin/sh;
			shellScript = "\"${PODS_ROOT}/Target Support Files/Pods-RecipeScrapBook/Pods-RecipeScrapBook-frameworks.sh\"\n";
			showEnvVarsInLog = 0;
		};
		C7A2056EB210672A10B0DF51 /* [CP] Check Pods Manifest.lock */ = {
			isa = PBXShellScriptBuildPhase;
			buildActionMask = 2147483647;
			files = (
			);
			inputFileListPaths = (
			);
			inputPaths = (
				"${PODS_PODFILE_DIR_PATH}/Podfile.lock",
				"${PODS_ROOT}/Manifest.lock",
			);
			name = "[CP] Check Pods Manifest.lock";
			outputFileListPaths = (
			);
			outputPaths = (
				"$(DERIVED_FILE_DIR)/Pods-RecipeScrapBook-checkManifestLockResult.txt",
			);
			runOnlyForDeploymentPostprocessing = 0;
			shellPath = /bin/sh;
			shellScript = "diff \"${PODS_PODFILE_DIR_PATH}/Podfile.lock\" \"${PODS_ROOT}/Manifest.lock\" > /dev/null\nif [ $? != 0 ] ; then\n    # print error to STDERR\n    echo \"error: The sandbox is not in sync with the Podfile.lock. Run 'pod install' or update your CocoaPods installation.\" >&2\n    exit 1\nfi\n# This output is used by Xcode 'outputs' to avoid re-running this script phase.\necho \"SUCCESS\" > \"${SCRIPT_OUTPUT_FILE_0}\"\n";
			showEnvVarsInLog = 0;
		};
/* End PBXShellScriptBuildPhase section */

/* Begin PBXSourcesBuildPhase section */
		E7A4BBBF24C85D7F005347BC /* Sources */ = {
			isa = PBXSourcesBuildPhase;
			buildActionMask = 2147483647;
			files = (
				E7A4BBEA24C89F38005347BC /* RecipeCollectionViewCell.swift in Sources */,
				E709B3E124EEBCBA00CE29DE /* DataModel.xcdatamodeld in Sources */,
				E709B3E324EFC78700CE29DE /* RecipeCollectionViewController.swift in Sources */,
				E7A4BBC724C85D80005347BC /* AppDelegate.swift in Sources */,
				E7A4BBC924C85D80005347BC /* SceneDelegate.swift in Sources */,
				E709B3E724F0109400CE29DE /* SingleRecipeViewController.swift in Sources */,
				E7A4BBDF24C8619D005347BC /* Recipe.swift in Sources */,
				E709B3E924F024DE00CE29DE /* ImageExtension.swift in Sources */,
			);
			runOnlyForDeploymentPostprocessing = 0;
		};
/* End PBXSourcesBuildPhase section */

/* Begin PBXVariantGroup section */
		E7A4BBCC24C85D80005347BC /* Main.storyboard */ = {
			isa = PBXVariantGroup;
			children = (
				E7A4BBCD24C85D80005347BC /* Base */,
			);
			name = Main.storyboard;
			sourceTree = "<group>";
		};
		E7A4BBD124C85D86005347BC /* LaunchScreen.storyboard */ = {
			isa = PBXVariantGroup;
			children = (
				E7A4BBD224C85D86005347BC /* Base */,
			);
			name = LaunchScreen.storyboard;
			sourceTree = "<group>";
		};
/* End PBXVariantGroup section */

/* Begin XCBuildConfiguration section */
		E7A4BBD524C85D86005347BC /* Debug */ = {
			isa = XCBuildConfiguration;
			buildSettings = {
				ALWAYS_SEARCH_USER_PATHS = NO;
				CLANG_ANALYZER_NONNULL = YES;
				CLANG_ANALYZER_NUMBER_OBJECT_CONVERSION = YES_AGGRESSIVE;
				CLANG_CXX_LANGUAGE_STANDARD = "gnu++14";
				CLANG_CXX_LIBRARY = "libc++";
				CLANG_ENABLE_MODULES = YES;
				CLANG_ENABLE_OBJC_ARC = YES;
				CLANG_ENABLE_OBJC_WEAK = YES;
				CLANG_WARN_BLOCK_CAPTURE_AUTORELEASING = YES;
				CLANG_WARN_BOOL_CONVERSION = YES;
				CLANG_WARN_COMMA = YES;
				CLANG_WARN_CONSTANT_CONVERSION = YES;
				CLANG_WARN_DEPRECATED_OBJC_IMPLEMENTATIONS = YES;
				CLANG_WARN_DIRECT_OBJC_ISA_USAGE = YES_ERROR;
				CLANG_WARN_DOCUMENTATION_COMMENTS = YES;
				CLANG_WARN_EMPTY_BODY = YES;
				CLANG_WARN_ENUM_CONVERSION = YES;
				CLANG_WARN_INFINITE_RECURSION = YES;
				CLANG_WARN_INT_CONVERSION = YES;
				CLANG_WARN_NON_LITERAL_NULL_CONVERSION = YES;
				CLANG_WARN_OBJC_IMPLICIT_RETAIN_SELF = YES;
				CLANG_WARN_OBJC_LITERAL_CONVERSION = YES;
				CLANG_WARN_OBJC_ROOT_CLASS = YES_ERROR;
				CLANG_WARN_RANGE_LOOP_ANALYSIS = YES;
				CLANG_WARN_STRICT_PROTOTYPES = YES;
				CLANG_WARN_SUSPICIOUS_MOVE = YES;
				CLANG_WARN_UNGUARDED_AVAILABILITY = YES_AGGRESSIVE;
				CLANG_WARN_UNREACHABLE_CODE = YES;
				CLANG_WARN__DUPLICATE_METHOD_MATCH = YES;
				COPY_PHASE_STRIP = NO;
				DEBUG_INFORMATION_FORMAT = dwarf;
				ENABLE_STRICT_OBJC_MSGSEND = YES;
				ENABLE_TESTABILITY = YES;
				GCC_C_LANGUAGE_STANDARD = gnu11;
				GCC_DYNAMIC_NO_PIC = NO;
				GCC_NO_COMMON_BLOCKS = YES;
				GCC_OPTIMIZATION_LEVEL = 0;
				GCC_PREPROCESSOR_DEFINITIONS = (
					"DEBUG=1",
					"$(inherited)",
				);
				GCC_WARN_64_TO_32_BIT_CONVERSION = YES;
				GCC_WARN_ABOUT_RETURN_TYPE = YES_ERROR;
				GCC_WARN_UNDECLARED_SELECTOR = YES;
				GCC_WARN_UNINITIALIZED_AUTOS = YES_AGGRESSIVE;
				GCC_WARN_UNUSED_FUNCTION = YES;
				GCC_WARN_UNUSED_VARIABLE = YES;
				IPHONEOS_DEPLOYMENT_TARGET = 13.5;
				MTL_ENABLE_DEBUG_INFO = INCLUDE_SOURCE;
				MTL_FAST_MATH = YES;
				ONLY_ACTIVE_ARCH = YES;
				SDKROOT = iphoneos;
				SWIFT_ACTIVE_COMPILATION_CONDITIONS = DEBUG;
				SWIFT_OPTIMIZATION_LEVEL = "-Onone";
			};
			name = Debug;
		};
		E7A4BBD624C85D86005347BC /* Release */ = {
			isa = XCBuildConfiguration;
			buildSettings = {
				ALWAYS_SEARCH_USER_PATHS = NO;
				CLANG_ANALYZER_NONNULL = YES;
				CLANG_ANALYZER_NUMBER_OBJECT_CONVERSION = YES_AGGRESSIVE;
				CLANG_CXX_LANGUAGE_STANDARD = "gnu++14";
				CLANG_CXX_LIBRARY = "libc++";
				CLANG_ENABLE_MODULES = YES;
				CLANG_ENABLE_OBJC_ARC = YES;
				CLANG_ENABLE_OBJC_WEAK = YES;
				CLANG_WARN_BLOCK_CAPTURE_AUTORELEASING = YES;
				CLANG_WARN_BOOL_CONVERSION = YES;
				CLANG_WARN_COMMA = YES;
				CLANG_WARN_CONSTANT_CONVERSION = YES;
				CLANG_WARN_DEPRECATED_OBJC_IMPLEMENTATIONS = YES;
				CLANG_WARN_DIRECT_OBJC_ISA_USAGE = YES_ERROR;
				CLANG_WARN_DOCUMENTATION_COMMENTS = YES;
				CLANG_WARN_EMPTY_BODY = YES;
				CLANG_WARN_ENUM_CONVERSION = YES;
				CLANG_WARN_INFINITE_RECURSION = YES;
				CLANG_WARN_INT_CONVERSION = YES;
				CLANG_WARN_NON_LITERAL_NULL_CONVERSION = YES;
				CLANG_WARN_OBJC_IMPLICIT_RETAIN_SELF = YES;
				CLANG_WARN_OBJC_LITERAL_CONVERSION = YES;
				CLANG_WARN_OBJC_ROOT_CLASS = YES_ERROR;
				CLANG_WARN_RANGE_LOOP_ANALYSIS = YES;
				CLANG_WARN_STRICT_PROTOTYPES = YES;
				CLANG_WARN_SUSPICIOUS_MOVE = YES;
				CLANG_WARN_UNGUARDED_AVAILABILITY = YES_AGGRESSIVE;
				CLANG_WARN_UNREACHABLE_CODE = YES;
				CLANG_WARN__DUPLICATE_METHOD_MATCH = YES;
				COPY_PHASE_STRIP = NO;
				DEBUG_INFORMATION_FORMAT = "dwarf-with-dsym";
				ENABLE_NS_ASSERTIONS = NO;
				ENABLE_STRICT_OBJC_MSGSEND = YES;
				GCC_C_LANGUAGE_STANDARD = gnu11;
				GCC_NO_COMMON_BLOCKS = YES;
				GCC_WARN_64_TO_32_BIT_CONVERSION = YES;
				GCC_WARN_ABOUT_RETURN_TYPE = YES_ERROR;
				GCC_WARN_UNDECLARED_SELECTOR = YES;
				GCC_WARN_UNINITIALIZED_AUTOS = YES_AGGRESSIVE;
				GCC_WARN_UNUSED_FUNCTION = YES;
				GCC_WARN_UNUSED_VARIABLE = YES;
				IPHONEOS_DEPLOYMENT_TARGET = 13.5;
				MTL_ENABLE_DEBUG_INFO = NO;
				MTL_FAST_MATH = YES;
				SDKROOT = iphoneos;
				SWIFT_COMPILATION_MODE = wholemodule;
				SWIFT_OPTIMIZATION_LEVEL = "-O";
				VALIDATE_PRODUCT = YES;
			};
			name = Release;
		};
		E7A4BBD824C85D86005347BC /* Debug */ = {
			isa = XCBuildConfiguration;
			baseConfigurationReference = 38B4C49DFB53AD36913D3B9B /* Pods-RecipeScrapBook.debug.xcconfig */;
			buildSettings = {
				ASSETCATALOG_COMPILER_APPICON_NAME = AppIcon;
				CODE_SIGN_STYLE = Automatic;
				INFOPLIST_FILE = RecipeScrapBook/Info.plist;
				LD_RUNPATH_SEARCH_PATHS = (
					"$(inherited)",
					"@executable_path/Frameworks",
				);
				PRODUCT_BUNDLE_IDENTIFIER = uk.co.michaeladair.RecipeScrapBook;
				PRODUCT_NAME = "$(TARGET_NAME)";
				SWIFT_VERSION = 5.0;
				TARGETED_DEVICE_FAMILY = "1,2";
			};
			name = Debug;
		};
		E7A4BBD924C85D86005347BC /* Release */ = {
			isa = XCBuildConfiguration;
			baseConfigurationReference = 6D93C456E792DEB5A1025C31 /* Pods-RecipeScrapBook.release.xcconfig */;
			buildSettings = {
				ASSETCATALOG_COMPILER_APPICON_NAME = AppIcon;
				CODE_SIGN_STYLE = Automatic;
				INFOPLIST_FILE = RecipeScrapBook/Info.plist;
				LD_RUNPATH_SEARCH_PATHS = (
					"$(inherited)",
					"@executable_path/Frameworks",
				);
				PRODUCT_BUNDLE_IDENTIFIER = uk.co.michaeladair.RecipeScrapBook;
				PRODUCT_NAME = "$(TARGET_NAME)";
				SWIFT_VERSION = 5.0;
				TARGETED_DEVICE_FAMILY = "1,2";
			};
			name = Release;
		};
/* End XCBuildConfiguration section */

/* Begin XCConfigurationList section */
		E7A4BBBE24C85D7F005347BC /* Build configuration list for PBXProject "RecipeScrapBook" */ = {
			isa = XCConfigurationList;
			buildConfigurations = (
				E7A4BBD524C85D86005347BC /* Debug */,
				E7A4BBD624C85D86005347BC /* Release */,
			);
			defaultConfigurationIsVisible = 0;
			defaultConfigurationName = Release;
		};
		E7A4BBD724C85D86005347BC /* Build configuration list for PBXNativeTarget "RecipeScrapBook" */ = {
			isa = XCConfigurationList;
			buildConfigurations = (
				E7A4BBD824C85D86005347BC /* Debug */,
				E7A4BBD924C85D86005347BC /* Release */,
			);
			defaultConfigurationIsVisible = 0;
			defaultConfigurationName = Release;
		};
/* End XCConfigurationList section */

/* Begin XCVersionGroup section */
		E709B3DF24EEBCBA00CE29DE /* DataModel.xcdatamodeld */ = {
			isa = XCVersionGroup;
			children = (
				E709B3E024EEBCBA00CE29DE /* DataModel.xcdatamodel */,
			);
			currentVersion = E709B3E024EEBCBA00CE29DE /* DataModel.xcdatamodel */;
			path = DataModel.xcdatamodeld;
			sourceTree = "<group>";
			versionGroupType = wrapper.xcdatamodel;
		};
/* End XCVersionGroup section */
	};
	rootObject = E7A4BBBB24C85D7F005347BC /* Project object */;
}
